// !$*UTF8*$!
{
	archiveVersion = 1;
	classes = {
	};
	objectVersion = 52;
	objects = {

/* Begin PBXBuildFile section */
		62A6E05CF38344D7EE25F85E /* Pods_Paint_SHOHUITests.framework in Frameworks */ = {isa = PBXBuildFile; fileRef = CC10C82B15A92A4A960C047F /* Pods_Paint_SHOHUITests.framework */; };
		6F1B69B3BC87CB4DC293F5AA /* Pods_Paint_SHOH.framework in Frameworks */ = {isa = PBXBuildFile; fileRef = 77DB63F2C87879B101B20308 /* Pods_Paint_SHOH.framework */; };
		CB3F0CAD262D2FE500D6CEA3 /* AppDelegate.swift in Sources */ = {isa = PBXBuildFile; fileRef = CB3F0CAC262D2FE500D6CEA3 /* AppDelegate.swift */; };
		CB3F0CAF262D2FE500D6CEA3 /* SceneDelegate.swift in Sources */ = {isa = PBXBuildFile; fileRef = CB3F0CAE262D2FE500D6CEA3 /* SceneDelegate.swift */; };
		CB3F0CB1262D2FE500D6CEA3 /* MainViewController.swift in Sources */ = {isa = PBXBuildFile; fileRef = CB3F0CB0262D2FE500D6CEA3 /* MainViewController.swift */; };
		CB3F0CB6262D2FE500D6CEA3 /* Assets.xcassets in Resources */ = {isa = PBXBuildFile; fileRef = CB3F0CB5262D2FE500D6CEA3 /* Assets.xcassets */; };
		CB3F0CB9262D2FE500D6CEA3 /* LaunchScreen.storyboard in Resources */ = {isa = PBXBuildFile; fileRef = CB3F0CB7262D2FE500D6CEA3 /* LaunchScreen.storyboard */; };
		CB3F0CC4262D2FE600D6CEA3 /* Paint_SHOHTests.swift in Sources */ = {isa = PBXBuildFile; fileRef = CB3F0CC3262D2FE600D6CEA3 /* Paint_SHOHTests.swift */; };
		CB3F0CCF262D2FE600D6CEA3 /* Paint_SHOHUITests.swift in Sources */ = {isa = PBXBuildFile; fileRef = CB3F0CCE262D2FE600D6CEA3 /* Paint_SHOHUITests.swift */; };
		CB3F0D1D262D34B100D6CEA3 /* SPMSHOHProxy in Frameworks */ = {isa = PBXBuildFile; productRef = CB3F0D1C262D34B100D6CEA3 /* SPMSHOHProxy */; };
		CB3F0D2D262D354200D6CEA3 /* AppCoordinator.swift in Sources */ = {isa = PBXBuildFile; fileRef = CB3F0D2C262D354200D6CEA3 /* AppCoordinator.swift */; };
		CB3F0D3A262D37DC00D6CEA3 /* Coordinator.swift in Sources */ = {isa = PBXBuildFile; fileRef = CB3F0D34262D357000D6CEA3 /* Coordinator.swift */; };
		CB3F0D3E262D37EF00D6CEA3 /* ObservableType+Extensions.swift in Sources */ = {isa = PBXBuildFile; fileRef = CB3F0D36262D357E00D6CEA3 /* ObservableType+Extensions.swift */; };
		CB3F0D47262D382000D6CEA3 /* BaseViewController.swift in Sources */ = {isa = PBXBuildFile; fileRef = CB3F0D43262D380F00D6CEA3 /* BaseViewController.swift */; };
		CB3F0D56262D38B400D6CEA3 /* MainCoordinator.swift in Sources */ = {isa = PBXBuildFile; fileRef = CB3F0D55262D38B400D6CEA3 /* MainCoordinator.swift */; };
		CB3F0D5E262D3A2100D6CEA3 /* BaseNavigationController.swift in Sources */ = {isa = PBXBuildFile; fileRef = CB3F0D5D262D3A2100D6CEA3 /* BaseNavigationController.swift */; };
		CB3F0D75262D3CC500D6CEA3 /* BaseView.swift in Sources */ = {isa = PBXBuildFile; fileRef = CB3F0D74262D3CC500D6CEA3 /* BaseView.swift */; };
		CBE62F4E262D568B0019EF41 /* IBClass.swift in Sources */ = {isa = PBXBuildFile; fileRef = CBE62F4D262D568B0019EF41 /* IBClass.swift */; };
		CBE62F61262D6C2E0019EF41 /* PKCanvasControlable.swift in Sources */ = {isa = PBXBuildFile; fileRef = CBE62F60262D6C2E0019EF41 /* PKCanvasControlable.swift */; };
		CBE62F6F262D80610019EF41 /* MainViewController.storyboard in Resources */ = {isa = PBXBuildFile; fileRef = CBE62F6E262D80610019EF41 /* MainViewController.storyboard */; };
		CBE62F81262D921D0019EF41 /* PKCanvas.swift in Sources */ = {isa = PBXBuildFile; fileRef = CBE62F80262D921D0019EF41 /* PKCanvas.swift */; };
		CBE62FBB262D95B10019EF41 /* ImagePicker.swift in Sources */ = {isa = PBXBuildFile; fileRef = CBE62FBA262D95B10019EF41 /* ImagePicker.swift */; };
		CBE62FD1262DDB800019EF41 /* CanvasModel.swift in Sources */ = {isa = PBXBuildFile; fileRef = CBE62FD0262DDB800019EF41 /* CanvasModel.swift */; };
		CBE62FD9262E035A0019EF41 /* MainViewReactor.swift in Sources */ = {isa = PBXBuildFile; fileRef = CBE62FD8262E03590019EF41 /* MainViewReactor.swift */; };
		DF57839A67713E63FABE3534 /* Pods_Paint_SHOHTests.framework in Frameworks */ = {isa = PBXBuildFile; fileRef = 0C5A7D1042465961C449243D /* Pods_Paint_SHOHTests.framework */; };
/* End PBXBuildFile section */

/* Begin PBXContainerItemProxy section */
		CB3F0CC0262D2FE600D6CEA3 /* PBXContainerItemProxy */ = {
			isa = PBXContainerItemProxy;
			containerPortal = CB3F0CA1262D2FE500D6CEA3 /* Project object */;
			proxyType = 1;
			remoteGlobalIDString = CB3F0CA8262D2FE500D6CEA3;
			remoteInfo = "Paint-SHOH";
		};
		CB3F0CCB262D2FE600D6CEA3 /* PBXContainerItemProxy */ = {
			isa = PBXContainerItemProxy;
			containerPortal = CB3F0CA1262D2FE500D6CEA3 /* Project object */;
			proxyType = 1;
			remoteGlobalIDString = CB3F0CA8262D2FE500D6CEA3;
			remoteInfo = "Paint-SHOH";
		};
/* End PBXContainerItemProxy section */

/* Begin PBXFileReference section */
		0C5A7D1042465961C449243D /* Pods_Paint_SHOHTests.framework */ = {isa = PBXFileReference; explicitFileType = wrapper.framework; includeInIndex = 0; path = Pods_Paint_SHOHTests.framework; sourceTree = BUILT_PRODUCTS_DIR; };
		17ACBAA84EC4E84580C7EA1C /* Pods-Paint-SHOHTests.debug.xcconfig */ = {isa = PBXFileReference; includeInIndex = 1; lastKnownFileType = text.xcconfig; name = "Pods-Paint-SHOHTests.debug.xcconfig"; path = "Target Support Files/Pods-Paint-SHOHTests/Pods-Paint-SHOHTests.debug.xcconfig"; sourceTree = "<group>"; };
		233F2422010D5E6BB2C7C6FA /* Pods-Paint-SHOHUITests.release.xcconfig */ = {isa = PBXFileReference; includeInIndex = 1; lastKnownFileType = text.xcconfig; name = "Pods-Paint-SHOHUITests.release.xcconfig"; path = "Target Support Files/Pods-Paint-SHOHUITests/Pods-Paint-SHOHUITests.release.xcconfig"; sourceTree = "<group>"; };
		388C0D5885B10EF916553C18 /* Pods-Paint-SHOH.release.xcconfig */ = {isa = PBXFileReference; includeInIndex = 1; lastKnownFileType = text.xcconfig; name = "Pods-Paint-SHOH.release.xcconfig"; path = "Target Support Files/Pods-Paint-SHOH/Pods-Paint-SHOH.release.xcconfig"; sourceTree = "<group>"; };
		72600CC6367F1F0DB3F44D18 /* Pods-Paint-SHOH.debug.xcconfig */ = {isa = PBXFileReference; includeInIndex = 1; lastKnownFileType = text.xcconfig; name = "Pods-Paint-SHOH.debug.xcconfig"; path = "Target Support Files/Pods-Paint-SHOH/Pods-Paint-SHOH.debug.xcconfig"; sourceTree = "<group>"; };
		77DB63F2C87879B101B20308 /* Pods_Paint_SHOH.framework */ = {isa = PBXFileReference; explicitFileType = wrapper.framework; includeInIndex = 0; path = Pods_Paint_SHOH.framework; sourceTree = BUILT_PRODUCTS_DIR; };
		8686C97B26DC57BEDB87AC93 /* Pods-Paint-SHOHTests.release.xcconfig */ = {isa = PBXFileReference; includeInIndex = 1; lastKnownFileType = text.xcconfig; name = "Pods-Paint-SHOHTests.release.xcconfig"; path = "Target Support Files/Pods-Paint-SHOHTests/Pods-Paint-SHOHTests.release.xcconfig"; sourceTree = "<group>"; };
		CB3F0CA9262D2FE500D6CEA3 /* Paint-SHOH.app */ = {isa = PBXFileReference; explicitFileType = wrapper.application; includeInIndex = 0; path = "Paint-SHOH.app"; sourceTree = BUILT_PRODUCTS_DIR; };
		CB3F0CAC262D2FE500D6CEA3 /* AppDelegate.swift */ = {isa = PBXFileReference; lastKnownFileType = sourcecode.swift; path = AppDelegate.swift; sourceTree = "<group>"; };
		CB3F0CAE262D2FE500D6CEA3 /* SceneDelegate.swift */ = {isa = PBXFileReference; lastKnownFileType = sourcecode.swift; path = SceneDelegate.swift; sourceTree = "<group>"; };
		CB3F0CB0262D2FE500D6CEA3 /* MainViewController.swift */ = {isa = PBXFileReference; lastKnownFileType = sourcecode.swift; path = MainViewController.swift; sourceTree = "<group>"; };
		CB3F0CB5262D2FE500D6CEA3 /* Assets.xcassets */ = {isa = PBXFileReference; lastKnownFileType = folder.assetcatalog; path = Assets.xcassets; sourceTree = "<group>"; };
		CB3F0CB8262D2FE500D6CEA3 /* Base */ = {isa = PBXFileReference; lastKnownFileType = file.storyboard; name = Base; path = Base.lproj/LaunchScreen.storyboard; sourceTree = "<group>"; };
		CB3F0CBA262D2FE500D6CEA3 /* Info.plist */ = {isa = PBXFileReference; lastKnownFileType = text.plist.xml; path = Info.plist; sourceTree = "<group>"; };
		CB3F0CBF262D2FE600D6CEA3 /* Paint-SHOHTests.xctest */ = {isa = PBXFileReference; explicitFileType = wrapper.cfbundle; includeInIndex = 0; path = "Paint-SHOHTests.xctest"; sourceTree = BUILT_PRODUCTS_DIR; };
		CB3F0CC3262D2FE600D6CEA3 /* Paint_SHOHTests.swift */ = {isa = PBXFileReference; lastKnownFileType = sourcecode.swift; path = Paint_SHOHTests.swift; sourceTree = "<group>"; };
		CB3F0CC5262D2FE600D6CEA3 /* Info.plist */ = {isa = PBXFileReference; lastKnownFileType = text.plist.xml; path = Info.plist; sourceTree = "<group>"; };
		CB3F0CCA262D2FE600D6CEA3 /* Paint-SHOHUITests.xctest */ = {isa = PBXFileReference; explicitFileType = wrapper.cfbundle; includeInIndex = 0; path = "Paint-SHOHUITests.xctest"; sourceTree = BUILT_PRODUCTS_DIR; };
		CB3F0CCE262D2FE600D6CEA3 /* Paint_SHOHUITests.swift */ = {isa = PBXFileReference; lastKnownFileType = sourcecode.swift; path = Paint_SHOHUITests.swift; sourceTree = "<group>"; };
		CB3F0CD0262D2FE600D6CEA3 /* Info.plist */ = {isa = PBXFileReference; lastKnownFileType = text.plist.xml; path = Info.plist; sourceTree = "<group>"; };
		CB3F0D2C262D354200D6CEA3 /* AppCoordinator.swift */ = {isa = PBXFileReference; lastKnownFileType = sourcecode.swift; path = AppCoordinator.swift; sourceTree = "<group>"; };
		CB3F0D34262D357000D6CEA3 /* Coordinator.swift */ = {isa = PBXFileReference; lastKnownFileType = sourcecode.swift; path = Coordinator.swift; sourceTree = "<group>"; };
		CB3F0D36262D357E00D6CEA3 /* ObservableType+Extensions.swift */ = {isa = PBXFileReference; lastKnownFileType = sourcecode.swift; path = "ObservableType+Extensions.swift"; sourceTree = "<group>"; };
		CB3F0D43262D380F00D6CEA3 /* BaseViewController.swift */ = {isa = PBXFileReference; lastKnownFileType = sourcecode.swift; path = BaseViewController.swift; sourceTree = "<group>"; };
		CB3F0D55262D38B400D6CEA3 /* MainCoordinator.swift */ = {isa = PBXFileReference; lastKnownFileType = sourcecode.swift; path = MainCoordinator.swift; sourceTree = "<group>"; };
		CB3F0D5D262D3A2100D6CEA3 /* BaseNavigationController.swift */ = {isa = PBXFileReference; lastKnownFileType = sourcecode.swift; path = BaseNavigationController.swift; sourceTree = "<group>"; };
		CB3F0D74262D3CC500D6CEA3 /* BaseView.swift */ = {isa = PBXFileReference; lastKnownFileType = sourcecode.swift; path = BaseView.swift; sourceTree = "<group>"; };
		CBE62F4D262D568B0019EF41 /* IBClass.swift */ = {isa = PBXFileReference; lastKnownFileType = sourcecode.swift; path = IBClass.swift; sourceTree = "<group>"; };
		CBE62F60262D6C2E0019EF41 /* PKCanvasControlable.swift */ = {isa = PBXFileReference; lastKnownFileType = sourcecode.swift; path = PKCanvasControlable.swift; sourceTree = "<group>"; };
		CBE62F6E262D80610019EF41 /* MainViewController.storyboard */ = {isa = PBXFileReference; lastKnownFileType = file.storyboard; path = MainViewController.storyboard; sourceTree = "<group>"; };
		CBE62F80262D921D0019EF41 /* PKCanvas.swift */ = {isa = PBXFileReference; lastKnownFileType = sourcecode.swift; path = PKCanvas.swift; sourceTree = "<group>"; };
		CBE62FBA262D95B10019EF41 /* ImagePicker.swift */ = {isa = PBXFileReference; lastKnownFileType = sourcecode.swift; path = ImagePicker.swift; sourceTree = "<group>"; };
		CBE62FD0262DDB800019EF41 /* CanvasModel.swift */ = {isa = PBXFileReference; lastKnownFileType = sourcecode.swift; path = CanvasModel.swift; sourceTree = "<group>"; };
		CBE62FD8262E03590019EF41 /* MainViewReactor.swift */ = {isa = PBXFileReference; fileEncoding = 4; lastKnownFileType = sourcecode.swift; path = MainViewReactor.swift; sourceTree = "<group>"; };
		CC10C82B15A92A4A960C047F /* Pods_Paint_SHOHUITests.framework */ = {isa = PBXFileReference; explicitFileType = wrapper.framework; includeInIndex = 0; path = Pods_Paint_SHOHUITests.framework; sourceTree = BUILT_PRODUCTS_DIR; };
		E5DFD66AC39DF341F03184DE /* Pods-Paint-SHOHUITests.debug.xcconfig */ = {isa = PBXFileReference; includeInIndex = 1; lastKnownFileType = text.xcconfig; name = "Pods-Paint-SHOHUITests.debug.xcconfig"; path = "Target Support Files/Pods-Paint-SHOHUITests/Pods-Paint-SHOHUITests.debug.xcconfig"; sourceTree = "<group>"; };
/* End PBXFileReference section */

/* Begin PBXFrameworksBuildPhase section */
		CB3F0CA6262D2FE500D6CEA3 /* Frameworks */ = {
			isa = PBXFrameworksBuildPhase;
			buildActionMask = 2147483647;
			files = (
				CB3F0D1D262D34B100D6CEA3 /* SPMSHOHProxy in Frameworks */,
				6F1B69B3BC87CB4DC293F5AA /* Pods_Paint_SHOH.framework in Frameworks */,
			);
			runOnlyForDeploymentPostprocessing = 0;
		};
		CB3F0CBC262D2FE600D6CEA3 /* Frameworks */ = {
			isa = PBXFrameworksBuildPhase;
			buildActionMask = 2147483647;
			files = (
				DF57839A67713E63FABE3534 /* Pods_Paint_SHOHTests.framework in Frameworks */,
			);
			runOnlyForDeploymentPostprocessing = 0;
		};
		CB3F0CC7262D2FE600D6CEA3 /* Frameworks */ = {
			isa = PBXFrameworksBuildPhase;
			buildActionMask = 2147483647;
			files = (
				62A6E05CF38344D7EE25F85E /* Pods_Paint_SHOHUITests.framework in Frameworks */,
			);
			runOnlyForDeploymentPostprocessing = 0;
		};
/* End PBXFrameworksBuildPhase section */

/* Begin PBXGroup section */
		5AEAF19B25F724FBA61532B1 /* Frameworks */ = {
			isa = PBXGroup;
			children = (
				77DB63F2C87879B101B20308 /* Pods_Paint_SHOH.framework */,
				0C5A7D1042465961C449243D /* Pods_Paint_SHOHTests.framework */,
				CC10C82B15A92A4A960C047F /* Pods_Paint_SHOHUITests.framework */,
			);
			name = Frameworks;
			sourceTree = "<group>";
		};
		76BA8683BCED8175734C2836 /* Pods */ = {
			isa = PBXGroup;
			children = (
				72600CC6367F1F0DB3F44D18 /* Pods-Paint-SHOH.debug.xcconfig */,
				388C0D5885B10EF916553C18 /* Pods-Paint-SHOH.release.xcconfig */,
				17ACBAA84EC4E84580C7EA1C /* Pods-Paint-SHOHTests.debug.xcconfig */,
				8686C97B26DC57BEDB87AC93 /* Pods-Paint-SHOHTests.release.xcconfig */,
				E5DFD66AC39DF341F03184DE /* Pods-Paint-SHOHUITests.debug.xcconfig */,
				233F2422010D5E6BB2C7C6FA /* Pods-Paint-SHOHUITests.release.xcconfig */,
			);
			path = Pods;
			sourceTree = "<group>";
		};
		CB3F0CA0262D2FE500D6CEA3 = {
			isa = PBXGroup;
			children = (
				CB3F0CAB262D2FE500D6CEA3 /* Paint-SHOH */,
				CB3F0CC2262D2FE600D6CEA3 /* Paint-SHOHTests */,
				CB3F0CCD262D2FE600D6CEA3 /* Paint-SHOHUITests */,
				CB3F0CAA262D2FE500D6CEA3 /* Products */,
				76BA8683BCED8175734C2836 /* Pods */,
				5AEAF19B25F724FBA61532B1 /* Frameworks */,
			);
			sourceTree = "<group>";
		};
		CB3F0CAA262D2FE500D6CEA3 /* Products */ = {
			isa = PBXGroup;
			children = (
				CB3F0CA9262D2FE500D6CEA3 /* Paint-SHOH.app */,
				CB3F0CBF262D2FE600D6CEA3 /* Paint-SHOHTests.xctest */,
				CB3F0CCA262D2FE600D6CEA3 /* Paint-SHOHUITests.xctest */,
			);
			name = Products;
			sourceTree = "<group>";
		};
		CB3F0CAB262D2FE500D6CEA3 /* Paint-SHOH */ = {
			isa = PBXGroup;
			children = (
				CB3F0CBA262D2FE500D6CEA3 /* Info.plist */,
				CB3F0D22262D34E900D6CEA3 /* Resources */,
				CB3F0D23262D34ED00D6CEA3 /* Sources */,
				CB3F0D32262D355B00D6CEA3 /* Utils */,
			);
			path = "Paint-SHOH";
			sourceTree = "<group>";
		};
		CB3F0CC2262D2FE600D6CEA3 /* Paint-SHOHTests */ = {
			isa = PBXGroup;
			children = (
				CB3F0CC3262D2FE600D6CEA3 /* Paint_SHOHTests.swift */,
				CB3F0CC5262D2FE600D6CEA3 /* Info.plist */,
			);
			path = "Paint-SHOHTests";
			sourceTree = "<group>";
		};
		CB3F0CCD262D2FE600D6CEA3 /* Paint-SHOHUITests */ = {
			isa = PBXGroup;
			children = (
				CB3F0CCE262D2FE600D6CEA3 /* Paint_SHOHUITests.swift */,
				CB3F0CD0262D2FE600D6CEA3 /* Info.plist */,
			);
			path = "Paint-SHOHUITests";
			sourceTree = "<group>";
		};
		CB3F0D21262D34E600D6CEA3 /* App */ = {
			isa = PBXGroup;
			children = (
				CB3F0CAC262D2FE500D6CEA3 /* AppDelegate.swift */,
				CB3F0D2C262D354200D6CEA3 /* AppCoordinator.swift */,
				CB3F0CAE262D2FE500D6CEA3 /* SceneDelegate.swift */,
			);
			path = App;
			sourceTree = "<group>";
		};
		CB3F0D22262D34E900D6CEA3 /* Resources */ = {
			isa = PBXGroup;
			children = (
				CB3F0CB5262D2FE500D6CEA3 /* Assets.xcassets */,
				CB3F0CB7262D2FE500D6CEA3 /* LaunchScreen.storyboard */,
			);
			path = Resources;
			sourceTree = "<group>";
		};
		CB3F0D23262D34ED00D6CEA3 /* Sources */ = {
			isa = PBXGroup;
			children = (
				CB3F0D21262D34E600D6CEA3 /* App */,
				CB3F0D25262D350B00D6CEA3 /* Domain */,
				CB3F0D24262D350400D6CEA3 /* Scenes */,
			);
			path = Sources;
			sourceTree = "<group>";
		};
		CB3F0D24262D350400D6CEA3 /* Scenes */ = {
			isa = PBXGroup;
			children = (
				CBE62F7F262D92100019EF41 /* PKCanvas */,
				CB3F0D42262D380A00D6CEA3 /* Base */,
				CB3F0D4B262D383900D6CEA3 /* Main */,
			);
			path = Scenes;
			sourceTree = "<group>";
		};
		CB3F0D25262D350B00D6CEA3 /* Domain */ = {
			isa = PBXGroup;
			children = (
				CBE62FCF262DDB760019EF41 /* Models */,
			);
			path = Domain;
			sourceTree = "<group>";
		};
		CB3F0D32262D355B00D6CEA3 /* Utils */ = {
			isa = PBXGroup;
			children = (
				CBE62FB9262D95A40019EF41 /* Managers */,
				CB3F0D35262D357800D6CEA3 /* Extensions */,
				CB3F0D33262D356400D6CEA3 /* Protocols */,
			);
			path = Utils;
			sourceTree = "<group>";
		};
		CB3F0D33262D356400D6CEA3 /* Protocols */ = {
			isa = PBXGroup;
			children = (
				CB3F0D34262D357000D6CEA3 /* Coordinator.swift */,
				CBE62F60262D6C2E0019EF41 /* PKCanvasControlable.swift */,
			);
			path = Protocols;
			sourceTree = "<group>";
		};
		CB3F0D35262D357800D6CEA3 /* Extensions */ = {
			isa = PBXGroup;
			children = (
				CB3F0D36262D357E00D6CEA3 /* ObservableType+Extensions.swift */,
			);
			path = Extensions;
			sourceTree = "<group>";
		};
		CB3F0D42262D380A00D6CEA3 /* Base */ = {
			isa = PBXGroup;
			children = (
				CB3F0D5D262D3A2100D6CEA3 /* BaseNavigationController.swift */,
				CB3F0D74262D3CC500D6CEA3 /* BaseView.swift */,
				CB3F0D43262D380F00D6CEA3 /* BaseViewController.swift */,
				CBE62F4D262D568B0019EF41 /* IBClass.swift */,
			);
			path = Base;
			sourceTree = "<group>";
		};
		CB3F0D4B262D383900D6CEA3 /* Main */ = {
			isa = PBXGroup;
			children = (
				CBE62F6E262D80610019EF41 /* MainViewController.storyboard */,
				CB3F0D55262D38B400D6CEA3 /* MainCoordinator.swift */,
				CB3F0CB0262D2FE500D6CEA3 /* MainViewController.swift */,
				CBE62FD8262E03590019EF41 /* MainViewReactor.swift */,
			);
			path = Main;
			sourceTree = "<group>";
		};
		CBE62F7F262D92100019EF41 /* PKCanvas */ = {
			isa = PBXGroup;
			children = (
				CBE62F80262D921D0019EF41 /* PKCanvas.swift */,
			);
			path = PKCanvas;
			sourceTree = "<group>";
		};
		CBE62FB9262D95A40019EF41 /* Managers */ = {
			isa = PBXGroup;
			children = (
				CBE62FBA262D95B10019EF41 /* ImagePicker.swift */,
			);
			path = Managers;
			sourceTree = "<group>";
		};
		CBE62FCF262DDB760019EF41 /* Models */ = {
			isa = PBXGroup;
			children = (
				CBE62FD0262DDB800019EF41 /* CanvasModel.swift */,
			);
			path = Models;
			sourceTree = "<group>";
		};
/* End PBXGroup section */

/* Begin PBXNativeTarget section */
		CB3F0CA8262D2FE500D6CEA3 /* Paint-SHOH */ = {
			isa = PBXNativeTarget;
			buildConfigurationList = CB3F0CD3262D2FE600D6CEA3 /* Build configuration list for PBXNativeTarget "Paint-SHOH" */;
			buildPhases = (
				9A61AD45CFC13B88D4C94A9C /* [CP] Check Pods Manifest.lock */,
				CB3F0CA5262D2FE500D6CEA3 /* Sources */,
				CB3F0CA6262D2FE500D6CEA3 /* Frameworks */,
				CB3F0CA7262D2FE500D6CEA3 /* Resources */,
				2671E147CCFDFF4728F4D1D6 /* [CP] Embed Pods Frameworks */,
			);
			buildRules = (
			);
			dependencies = (
			);
			name = "Paint-SHOH";
			packageProductDependencies = (
				CB3F0D1C262D34B100D6CEA3 /* SPMSHOHProxy */,
			);
			productName = "Paint-SHOH";
			productReference = CB3F0CA9262D2FE500D6CEA3 /* Paint-SHOH.app */;
			productType = "com.apple.product-type.application";
		};
		CB3F0CBE262D2FE600D6CEA3 /* Paint-SHOHTests */ = {
			isa = PBXNativeTarget;
			buildConfigurationList = CB3F0CD6262D2FE600D6CEA3 /* Build configuration list for PBXNativeTarget "Paint-SHOHTests" */;
			buildPhases = (
				53F6B7F7142BF29271F88056 /* [CP] Check Pods Manifest.lock */,
				CB3F0CBB262D2FE600D6CEA3 /* Sources */,
				CB3F0CBC262D2FE600D6CEA3 /* Frameworks */,
				CB3F0CBD262D2FE600D6CEA3 /* Resources */,
				502750B6B7D4B7E88D54AAEE /* [CP] Embed Pods Frameworks */,
			);
			buildRules = (
			);
			dependencies = (
				CB3F0CC1262D2FE600D6CEA3 /* PBXTargetDependency */,
			);
			name = "Paint-SHOHTests";
			productName = "Paint-SHOHTests";
			productReference = CB3F0CBF262D2FE600D6CEA3 /* Paint-SHOHTests.xctest */;
			productType = "com.apple.product-type.bundle.unit-test";
		};
		CB3F0CC9262D2FE600D6CEA3 /* Paint-SHOHUITests */ = {
			isa = PBXNativeTarget;
			buildConfigurationList = CB3F0CD9262D2FE600D6CEA3 /* Build configuration list for PBXNativeTarget "Paint-SHOHUITests" */;
			buildPhases = (
				9F6832D946A0B500E209A164 /* [CP] Check Pods Manifest.lock */,
				CB3F0CC6262D2FE600D6CEA3 /* Sources */,
				CB3F0CC7262D2FE600D6CEA3 /* Frameworks */,
				CB3F0CC8262D2FE600D6CEA3 /* Resources */,
				627A537737E4142D24FD3675 /* [CP] Embed Pods Frameworks */,
			);
			buildRules = (
			);
			dependencies = (
				CB3F0CCC262D2FE600D6CEA3 /* PBXTargetDependency */,
			);
			name = "Paint-SHOHUITests";
			productName = "Paint-SHOHUITests";
			productReference = CB3F0CCA262D2FE600D6CEA3 /* Paint-SHOHUITests.xctest */;
			productType = "com.apple.product-type.bundle.ui-testing";
		};
/* End PBXNativeTarget section */

/* Begin PBXProject section */
		CB3F0CA1262D2FE500D6CEA3 /* Project object */ = {
			isa = PBXProject;
			attributes = {
				LastSwiftUpdateCheck = 1240;
				LastUpgradeCheck = 1240;
				TargetAttributes = {
					CB3F0CA8262D2FE500D6CEA3 = {
						CreatedOnToolsVersion = 12.4;
					};
					CB3F0CBE262D2FE600D6CEA3 = {
						CreatedOnToolsVersion = 12.4;
						TestTargetID = CB3F0CA8262D2FE500D6CEA3;
					};
					CB3F0CC9262D2FE600D6CEA3 = {
						CreatedOnToolsVersion = 12.4;
						TestTargetID = CB3F0CA8262D2FE500D6CEA3;
					};
				};
			};
			buildConfigurationList = CB3F0CA4262D2FE500D6CEA3 /* Build configuration list for PBXProject "Paint-SHOH" */;
			compatibilityVersion = "Xcode 9.3";
			developmentRegion = en;
			hasScannedForEncodings = 0;
			knownRegions = (
				en,
				Base,
			);
			mainGroup = CB3F0CA0262D2FE500D6CEA3;
			packageReferences = (
				CB3F0D1B262D34B100D6CEA3 /* XCRemoteSwiftPackageReference "SPMSHOHProxy" */,
			);
			productRefGroup = CB3F0CAA262D2FE500D6CEA3 /* Products */;
			projectDirPath = "";
			projectRoot = "";
			targets = (
				CB3F0CA8262D2FE500D6CEA3 /* Paint-SHOH */,
				CB3F0CBE262D2FE600D6CEA3 /* Paint-SHOHTests */,
				CB3F0CC9262D2FE600D6CEA3 /* Paint-SHOHUITests */,
			);
		};
/* End PBXProject section */

/* Begin PBXResourcesBuildPhase section */
		CB3F0CA7262D2FE500D6CEA3 /* Resources */ = {
			isa = PBXResourcesBuildPhase;
			buildActionMask = 2147483647;
			files = (
				CBE62F6F262D80610019EF41 /* MainViewController.storyboard in Resources */,
				CB3F0CB9262D2FE500D6CEA3 /* LaunchScreen.storyboard in Resources */,
				CB3F0CB6262D2FE500D6CEA3 /* Assets.xcassets in Resources */,
			);
			runOnlyForDeploymentPostprocessing = 0;
		};
		CB3F0CBD262D2FE600D6CEA3 /* Resources */ = {
			isa = PBXResourcesBuildPhase;
			buildActionMask = 2147483647;
			files = (
			);
			runOnlyForDeploymentPostprocessing = 0;
		};
		CB3F0CC8262D2FE600D6CEA3 /* Resources */ = {
			isa = PBXResourcesBuildPhase;
			buildActionMask = 2147483647;
			files = (
			);
			runOnlyForDeploymentPostprocessing = 0;
		};
/* End PBXResourcesBuildPhase section */

/* Begin PBXShellScriptBuildPhase section */
		2671E147CCFDFF4728F4D1D6 /* [CP] Embed Pods Frameworks */ = {
			isa = PBXShellScriptBuildPhase;
			buildActionMask = 2147483647;
			files = (
			);
			inputFileListPaths = (
				"${PODS_ROOT}/Target Support Files/Pods-Paint-SHOH/Pods-Paint-SHOH-frameworks-${CONFIGURATION}-input-files.xcfilelist",
			);
			name = "[CP] Embed Pods Frameworks";
			outputFileListPaths = (
				"${PODS_ROOT}/Target Support Files/Pods-Paint-SHOH/Pods-Paint-SHOH-frameworks-${CONFIGURATION}-output-files.xcfilelist",
			);
			runOnlyForDeploymentPostprocessing = 0;
			shellPath = /bin/sh;
			shellScript = "\"${PODS_ROOT}/Target Support Files/Pods-Paint-SHOH/Pods-Paint-SHOH-frameworks.sh\"\n";
			showEnvVarsInLog = 0;
		};
		502750B6B7D4B7E88D54AAEE /* [CP] Embed Pods Frameworks */ = {
			isa = PBXShellScriptBuildPhase;
			buildActionMask = 2147483647;
			files = (
			);
			inputFileListPaths = (
				"${PODS_ROOT}/Target Support Files/Pods-Paint-SHOHTests/Pods-Paint-SHOHTests-frameworks-${CONFIGURATION}-input-files.xcfilelist",
			);
			name = "[CP] Embed Pods Frameworks";
			outputFileListPaths = (
				"${PODS_ROOT}/Target Support Files/Pods-Paint-SHOHTests/Pods-Paint-SHOHTests-frameworks-${CONFIGURATION}-output-files.xcfilelist",
			);
			runOnlyForDeploymentPostprocessing = 0;
			shellPath = /bin/sh;
			shellScript = "\"${PODS_ROOT}/Target Support Files/Pods-Paint-SHOHTests/Pods-Paint-SHOHTests-frameworks.sh\"\n";
			showEnvVarsInLog = 0;
		};
		53F6B7F7142BF29271F88056 /* [CP] Check Pods Manifest.lock */ = {
			isa = PBXShellScriptBuildPhase;
			buildActionMask = 2147483647;
			files = (
			);
			inputFileListPaths = (
			);
			inputPaths = (
				"${PODS_PODFILE_DIR_PATH}/Podfile.lock",
				"${PODS_ROOT}/Manifest.lock",
			);
			name = "[CP] Check Pods Manifest.lock";
			outputFileListPaths = (
			);
			outputPaths = (
				"$(DERIVED_FILE_DIR)/Pods-Paint-SHOHTests-checkManifestLockResult.txt",
			);
			runOnlyForDeploymentPostprocessing = 0;
			shellPath = /bin/sh;
			shellScript = "diff \"${PODS_PODFILE_DIR_PATH}/Podfile.lock\" \"${PODS_ROOT}/Manifest.lock\" > /dev/null\nif [ $? != 0 ] ; then\n    # print error to STDERR\n    echo \"error: The sandbox is not in sync with the Podfile.lock. Run 'pod install' or update your CocoaPods installation.\" >&2\n    exit 1\nfi\n# This output is used by Xcode 'outputs' to avoid re-running this script phase.\necho \"SUCCESS\" > \"${SCRIPT_OUTPUT_FILE_0}\"\n";
			showEnvVarsInLog = 0;
		};
		627A537737E4142D24FD3675 /* [CP] Embed Pods Frameworks */ = {
			isa = PBXShellScriptBuildPhase;
			buildActionMask = 2147483647;
			files = (
			);
			inputFileListPaths = (
				"${PODS_ROOT}/Target Support Files/Pods-Paint-SHOHUITests/Pods-Paint-SHOHUITests-frameworks-${CONFIGURATION}-input-files.xcfilelist",
			);
			name = "[CP] Embed Pods Frameworks";
			outputFileListPaths = (
				"${PODS_ROOT}/Target Support Files/Pods-Paint-SHOHUITests/Pods-Paint-SHOHUITests-frameworks-${CONFIGURATION}-output-files.xcfilelist",
			);
			runOnlyForDeploymentPostprocessing = 0;
			shellPath = /bin/sh;
			shellScript = "\"${PODS_ROOT}/Target Support Files/Pods-Paint-SHOHUITests/Pods-Paint-SHOHUITests-frameworks.sh\"\n";
			showEnvVarsInLog = 0;
		};
		9A61AD45CFC13B88D4C94A9C /* [CP] Check Pods Manifest.lock */ = {
			isa = PBXShellScriptBuildPhase;
			buildActionMask = 2147483647;
			files = (
			);
			inputFileListPaths = (
			);
			inputPaths = (
				"${PODS_PODFILE_DIR_PATH}/Podfile.lock",
				"${PODS_ROOT}/Manifest.lock",
			);
			name = "[CP] Check Pods Manifest.lock";
			outputFileListPaths = (
			);
			outputPaths = (
				"$(DERIVED_FILE_DIR)/Pods-Paint-SHOH-checkManifestLockResult.txt",
			);
			runOnlyForDeploymentPostprocessing = 0;
			shellPath = /bin/sh;
			shellScript = "diff \"${PODS_PODFILE_DIR_PATH}/Podfile.lock\" \"${PODS_ROOT}/Manifest.lock\" > /dev/null\nif [ $? != 0 ] ; then\n    # print error to STDERR\n    echo \"error: The sandbox is not in sync with the Podfile.lock. Run 'pod install' or update your CocoaPods installation.\" >&2\n    exit 1\nfi\n# This output is used by Xcode 'outputs' to avoid re-running this script phase.\necho \"SUCCESS\" > \"${SCRIPT_OUTPUT_FILE_0}\"\n";
			showEnvVarsInLog = 0;
		};
		9F6832D946A0B500E209A164 /* [CP] Check Pods Manifest.lock */ = {
			isa = PBXShellScriptBuildPhase;
			buildActionMask = 2147483647;
			files = (
			);
			inputFileListPaths = (
			);
			inputPaths = (
				"${PODS_PODFILE_DIR_PATH}/Podfile.lock",
				"${PODS_ROOT}/Manifest.lock",
			);
			name = "[CP] Check Pods Manifest.lock";
			outputFileListPaths = (
			);
			outputPaths = (
				"$(DERIVED_FILE_DIR)/Pods-Paint-SHOHUITests-checkManifestLockResult.txt",
			);
			runOnlyForDeploymentPostprocessing = 0;
			shellPath = /bin/sh;
			shellScript = "diff \"${PODS_PODFILE_DIR_PATH}/Podfile.lock\" \"${PODS_ROOT}/Manifest.lock\" > /dev/null\nif [ $? != 0 ] ; then\n    # print error to STDERR\n    echo \"error: The sandbox is not in sync with the Podfile.lock. Run 'pod install' or update your CocoaPods installation.\" >&2\n    exit 1\nfi\n# This output is used by Xcode 'outputs' to avoid re-running this script phase.\necho \"SUCCESS\" > \"${SCRIPT_OUTPUT_FILE_0}\"\n";
			showEnvVarsInLog = 0;
		};
/* End PBXShellScriptBuildPhase section */

/* Begin PBXSourcesBuildPhase section */
		CB3F0CA5262D2FE500D6CEA3 /* Sources */ = {
			isa = PBXSourcesBuildPhase;
			buildActionMask = 2147483647;
			files = (
				CBE62FD9262E035A0019EF41 /* MainViewReactor.swift in Sources */,
				CB3F0D2D262D354200D6CEA3 /* AppCoordinator.swift in Sources */,
				CB3F0D56262D38B400D6CEA3 /* MainCoordinator.swift in Sources */,
				CBE62F81262D921D0019EF41 /* PKCanvas.swift in Sources */,
				CB3F0CB1262D2FE500D6CEA3 /* MainViewController.swift in Sources */,
				CB3F0D75262D3CC500D6CEA3 /* BaseView.swift in Sources */,
				CB3F0D3E262D37EF00D6CEA3 /* ObservableType+Extensions.swift in Sources */,
				CB3F0D3A262D37DC00D6CEA3 /* Coordinator.swift in Sources */,
				CB3F0D5E262D3A2100D6CEA3 /* BaseNavigationController.swift in Sources */,
				CB3F0CAD262D2FE500D6CEA3 /* AppDelegate.swift in Sources */,
				CBE62FD1262DDB800019EF41 /* CanvasModel.swift in Sources */,
				CBE62F4E262D568B0019EF41 /* IBClass.swift in Sources */,
				CBE62FBB262D95B10019EF41 /* ImagePicker.swift in Sources */,
				CBE62F61262D6C2E0019EF41 /* PKCanvasControlable.swift in Sources */,
				CB3F0D47262D382000D6CEA3 /* BaseViewController.swift in Sources */,
				CB3F0CAF262D2FE500D6CEA3 /* SceneDelegate.swift in Sources */,
			);
			runOnlyForDeploymentPostprocessing = 0;
		};
		CB3F0CBB262D2FE600D6CEA3 /* Sources */ = {
			isa = PBXSourcesBuildPhase;
			buildActionMask = 2147483647;
			files = (
				CB3F0CC4262D2FE600D6CEA3 /* Paint_SHOHTests.swift in Sources */,
			);
			runOnlyForDeploymentPostprocessing = 0;
		};
		CB3F0CC6262D2FE600D6CEA3 /* Sources */ = {
			isa = PBXSourcesBuildPhase;
			buildActionMask = 2147483647;
			files = (
				CB3F0CCF262D2FE600D6CEA3 /* Paint_SHOHUITests.swift in Sources */,
			);
			runOnlyForDeploymentPostprocessing = 0;
		};
/* End PBXSourcesBuildPhase section */

/* Begin PBXTargetDependency section */
		CB3F0CC1262D2FE600D6CEA3 /* PBXTargetDependency */ = {
			isa = PBXTargetDependency;
			target = CB3F0CA8262D2FE500D6CEA3 /* Paint-SHOH */;
			targetProxy = CB3F0CC0262D2FE600D6CEA3 /* PBXContainerItemProxy */;
		};
		CB3F0CCC262D2FE600D6CEA3 /* PBXTargetDependency */ = {
			isa = PBXTargetDependency;
			target = CB3F0CA8262D2FE500D6CEA3 /* Paint-SHOH */;
			targetProxy = CB3F0CCB262D2FE600D6CEA3 /* PBXContainerItemProxy */;
		};
/* End PBXTargetDependency section */

/* Begin PBXVariantGroup section */
		CB3F0CB7262D2FE500D6CEA3 /* LaunchScreen.storyboard */ = {
			isa = PBXVariantGroup;
			children = (
				CB3F0CB8262D2FE500D6CEA3 /* Base */,
			);
			name = LaunchScreen.storyboard;
			sourceTree = "<group>";
		};
/* End PBXVariantGroup section */

/* Begin XCBuildConfiguration section */
		CB3F0CD1262D2FE600D6CEA3 /* Debug */ = {
			isa = XCBuildConfiguration;
			buildSettings = {
				ALWAYS_EMBED_SWIFT_STANDARD_LIBRARIES = NO;
				ALWAYS_SEARCH_USER_PATHS = NO;
				CLANG_ANALYZER_NONNULL = YES;
				CLANG_ANALYZER_NUMBER_OBJECT_CONVERSION = YES_AGGRESSIVE;
				CLANG_CXX_LANGUAGE_STANDARD = "gnu++14";
				CLANG_CXX_LIBRARY = "libc++";
				CLANG_ENABLE_MODULES = YES;
				CLANG_ENABLE_OBJC_ARC = YES;
				CLANG_ENABLE_OBJC_WEAK = YES;
				CLANG_WARN_BLOCK_CAPTURE_AUTORELEASING = YES;
				CLANG_WARN_BOOL_CONVERSION = YES;
				CLANG_WARN_COMMA = YES;
				CLANG_WARN_CONSTANT_CONVERSION = YES;
				CLANG_WARN_DEPRECATED_OBJC_IMPLEMENTATIONS = YES;
				CLANG_WARN_DIRECT_OBJC_ISA_USAGE = YES_ERROR;
				CLANG_WARN_DOCUMENTATION_COMMENTS = YES;
				CLANG_WARN_EMPTY_BODY = YES;
				CLANG_WARN_ENUM_CONVERSION = YES;
				CLANG_WARN_INFINITE_RECURSION = YES;
				CLANG_WARN_INT_CONVERSION = YES;
				CLANG_WARN_NON_LITERAL_NULL_CONVERSION = YES;
				CLANG_WARN_OBJC_IMPLICIT_RETAIN_SELF = YES;
				CLANG_WARN_OBJC_LITERAL_CONVERSION = YES;
				CLANG_WARN_OBJC_ROOT_CLASS = YES_ERROR;
				CLANG_WARN_QUOTED_INCLUDE_IN_FRAMEWORK_HEADER = YES;
				CLANG_WARN_RANGE_LOOP_ANALYSIS = YES;
				CLANG_WARN_STRICT_PROTOTYPES = YES;
				CLANG_WARN_SUSPICIOUS_MOVE = YES;
				CLANG_WARN_UNGUARDED_AVAILABILITY = YES_AGGRESSIVE;
				CLANG_WARN_UNREACHABLE_CODE = YES;
				CLANG_WARN__DUPLICATE_METHOD_MATCH = YES;
				COPY_PHASE_STRIP = NO;
				DEBUG_INFORMATION_FORMAT = dwarf;
				ENABLE_STRICT_OBJC_MSGSEND = YES;
				ENABLE_TESTABILITY = YES;
				GCC_C_LANGUAGE_STANDARD = gnu11;
				GCC_DYNAMIC_NO_PIC = NO;
				GCC_NO_COMMON_BLOCKS = YES;
				GCC_OPTIMIZATION_LEVEL = 0;
				GCC_PREPROCESSOR_DEFINITIONS = (
					"DEBUG=1",
					"$(inherited)",
				);
				GCC_WARN_64_TO_32_BIT_CONVERSION = YES;
				GCC_WARN_ABOUT_RETURN_TYPE = YES_ERROR;
				GCC_WARN_UNDECLARED_SELECTOR = YES;
				GCC_WARN_UNINITIALIZED_AUTOS = YES_AGGRESSIVE;
				GCC_WARN_UNUSED_FUNCTION = YES;
				GCC_WARN_UNUSED_VARIABLE = YES;
				IPHONEOS_DEPLOYMENT_TARGET = 13.0;
				MTL_ENABLE_DEBUG_INFO = INCLUDE_SOURCE;
				MTL_FAST_MATH = YES;
				ONLY_ACTIVE_ARCH = YES;
				SDKROOT = iphoneos;
				SWIFT_ACTIVE_COMPILATION_CONDITIONS = DEBUG;
				SWIFT_OPTIMIZATION_LEVEL = "-Onone";
			};
			name = Debug;
		};
		CB3F0CD2262D2FE600D6CEA3 /* Release */ = {
			isa = XCBuildConfiguration;
			buildSettings = {
				ALWAYS_EMBED_SWIFT_STANDARD_LIBRARIES = NO;
				ALWAYS_SEARCH_USER_PATHS = NO;
				CLANG_ANALYZER_NONNULL = YES;
				CLANG_ANALYZER_NUMBER_OBJECT_CONVERSION = YES_AGGRESSIVE;
				CLANG_CXX_LANGUAGE_STANDARD = "gnu++14";
				CLANG_CXX_LIBRARY = "libc++";
				CLANG_ENABLE_MODULES = YES;
				CLANG_ENABLE_OBJC_ARC = YES;
				CLANG_ENABLE_OBJC_WEAK = YES;
				CLANG_WARN_BLOCK_CAPTURE_AUTORELEASING = YES;
				CLANG_WARN_BOOL_CONVERSION = YES;
				CLANG_WARN_COMMA = YES;
				CLANG_WARN_CONSTANT_CONVERSION = YES;
				CLANG_WARN_DEPRECATED_OBJC_IMPLEMENTATIONS = YES;
				CLANG_WARN_DIRECT_OBJC_ISA_USAGE = YES_ERROR;
				CLANG_WARN_DOCUMENTATION_COMMENTS = YES;
				CLANG_WARN_EMPTY_BODY = YES;
				CLANG_WARN_ENUM_CONVERSION = YES;
				CLANG_WARN_INFINITE_RECURSION = YES;
				CLANG_WARN_INT_CONVERSION = YES;
				CLANG_WARN_NON_LITERAL_NULL_CONVERSION = YES;
				CLANG_WARN_OBJC_IMPLICIT_RETAIN_SELF = YES;
				CLANG_WARN_OBJC_LITERAL_CONVERSION = YES;
				CLANG_WARN_OBJC_ROOT_CLASS = YES_ERROR;
				CLANG_WARN_QUOTED_INCLUDE_IN_FRAMEWORK_HEADER = YES;
				CLANG_WARN_RANGE_LOOP_ANALYSIS = YES;
				CLANG_WARN_STRICT_PROTOTYPES = YES;
				CLANG_WARN_SUSPICIOUS_MOVE = YES;
				CLANG_WARN_UNGUARDED_AVAILABILITY = YES_AGGRESSIVE;
				CLANG_WARN_UNREACHABLE_CODE = YES;
				CLANG_WARN__DUPLICATE_METHOD_MATCH = YES;
				COPY_PHASE_STRIP = NO;
				DEBUG_INFORMATION_FORMAT = "dwarf-with-dsym";
				ENABLE_NS_ASSERTIONS = NO;
				ENABLE_STRICT_OBJC_MSGSEND = YES;
				GCC_C_LANGUAGE_STANDARD = gnu11;
				GCC_NO_COMMON_BLOCKS = YES;
				GCC_WARN_64_TO_32_BIT_CONVERSION = YES;
				GCC_WARN_ABOUT_RETURN_TYPE = YES_ERROR;
				GCC_WARN_UNDECLARED_SELECTOR = YES;
				GCC_WARN_UNINITIALIZED_AUTOS = YES_AGGRESSIVE;
				GCC_WARN_UNUSED_FUNCTION = YES;
				GCC_WARN_UNUSED_VARIABLE = YES;
				IPHONEOS_DEPLOYMENT_TARGET = 13.0;
				MTL_ENABLE_DEBUG_INFO = NO;
				MTL_FAST_MATH = YES;
				SDKROOT = iphoneos;
				SWIFT_COMPILATION_MODE = wholemodule;
				SWIFT_OPTIMIZATION_LEVEL = "-O";
				VALIDATE_PRODUCT = YES;
			};
			name = Release;
		};
		CB3F0CD4262D2FE600D6CEA3 /* Debug */ = {
			isa = XCBuildConfiguration;
			baseConfigurationReference = 72600CC6367F1F0DB3F44D18 /* Pods-Paint-SHOH.debug.xcconfig */;
			buildSettings = {
				ALWAYS_EMBED_SWIFT_STANDARD_LIBRARIES = "$(inherited)";
				ASSETCATALOG_COMPILER_APPICON_NAME = AppIcon;
				ASSETCATALOG_COMPILER_GLOBAL_ACCENT_COLOR_NAME = AccentColor;
				CODE_SIGN_STYLE = Automatic;
				DEVELOPMENT_TEAM = 7Q8VF9RM3U;
				INFOPLIST_FILE = "Paint-SHOH/Info.plist";
				LD_RUNPATH_SEARCH_PATHS = (
					"$(inherited)",
					"@executable_path/Frameworks",
				);
				PRODUCT_BUNDLE_IDENTIFIER = "SH-OH.Paint-SHOH";
				PRODUCT_NAME = "$(TARGET_NAME)";
				SWIFT_VERSION = 5.0;
				TARGETED_DEVICE_FAMILY = "1,2";
			};
			name = Debug;
		};
		CB3F0CD5262D2FE600D6CEA3 /* Release */ = {
			isa = XCBuildConfiguration;
			baseConfigurationReference = 388C0D5885B10EF916553C18 /* Pods-Paint-SHOH.release.xcconfig */;
			buildSettings = {
				ALWAYS_EMBED_SWIFT_STANDARD_LIBRARIES = "$(inherited)";
				ASSETCATALOG_COMPILER_APPICON_NAME = AppIcon;
				ASSETCATALOG_COMPILER_GLOBAL_ACCENT_COLOR_NAME = AccentColor;
				CODE_SIGN_STYLE = Automatic;
				DEVELOPMENT_TEAM = 7Q8VF9RM3U;
				INFOPLIST_FILE = "Paint-SHOH/Info.plist";
				LD_RUNPATH_SEARCH_PATHS = (
					"$(inherited)",
					"@executable_path/Frameworks",
				);
				PRODUCT_BUNDLE_IDENTIFIER = "SH-OH.Paint-SHOH";
				PRODUCT_NAME = "$(TARGET_NAME)";
				SWIFT_VERSION = 5.0;
				TARGETED_DEVICE_FAMILY = "1,2";
			};
			name = Release;
		};
		CB3F0CD7262D2FE600D6CEA3 /* Debug */ = {
			isa = XCBuildConfiguration;
			baseConfigurationReference = 17ACBAA84EC4E84580C7EA1C /* Pods-Paint-SHOHTests.debug.xcconfig */;
			buildSettings = {
				ALWAYS_EMBED_SWIFT_STANDARD_LIBRARIES = "$(inherited)";
				BUNDLE_LOADER = "$(TEST_HOST)";
				CODE_SIGN_STYLE = Automatic;
				DEVELOPMENT_TEAM = 7Q8VF9RM3U;
				INFOPLIST_FILE = "Paint-SHOHTests/Info.plist";
				IPHONEOS_DEPLOYMENT_TARGET = 14.4;
				LD_RUNPATH_SEARCH_PATHS = (
					"$(inherited)",
					"@executable_path/Frameworks",
					"@loader_path/Frameworks",
				);
				PRODUCT_BUNDLE_IDENTIFIER = "SH-OH.Paint-SHOHTests";
				PRODUCT_NAME = "$(TARGET_NAME)";
				SWIFT_VERSION = 5.0;
				TARGETED_DEVICE_FAMILY = "1,2";
				TEST_HOST = "$(BUILT_PRODUCTS_DIR)/Paint-SHOH.app/Paint-SHOH";
			};
			name = Debug;
		};
		CB3F0CD8262D2FE600D6CEA3 /* Release */ = {
			isa = XCBuildConfiguration;
			baseConfigurationReference = 8686C97B26DC57BEDB87AC93 /* Pods-Paint-SHOHTests.release.xcconfig */;
			buildSettings = {
				ALWAYS_EMBED_SWIFT_STANDARD_LIBRARIES = "$(inherited)";
				BUNDLE_LOADER = "$(TEST_HOST)";
				CODE_SIGN_STYLE = Automatic;
				DEVELOPMENT_TEAM = 7Q8VF9RM3U;
				INFOPLIST_FILE = "Paint-SHOHTests/Info.plist";
				IPHONEOS_DEPLOYMENT_TARGET = 14.4;
				LD_RUNPATH_SEARCH_PATHS = (
					"$(inherited)",
					"@executable_path/Frameworks",
					"@loader_path/Frameworks",
				);
				PRODUCT_BUNDLE_IDENTIFIER = "SH-OH.Paint-SHOHTests";
				PRODUCT_NAME = "$(TARGET_NAME)";
				SWIFT_VERSION = 5.0;
				TARGETED_DEVICE_FAMILY = "1,2";
				TEST_HOST = "$(BUILT_PRODUCTS_DIR)/Paint-SHOH.app/Paint-SHOH";
			};
			name = Release;
		};
		CB3F0CDA262D2FE600D6CEA3 /* Debug */ = {
			isa = XCBuildConfiguration;
			baseConfigurationReference = E5DFD66AC39DF341F03184DE /* Pods-Paint-SHOHUITests.debug.xcconfig */;
			buildSettings = {
				ALWAYS_EMBED_SWIFT_STANDARD_LIBRARIES = "$(inherited)";
				CODE_SIGN_STYLE = Automatic;
				DEVELOPMENT_TEAM = 7Q8VF9RM3U;
				INFOPLIST_FILE = "Paint-SHOHUITests/Info.plist";
				LD_RUNPATH_SEARCH_PATHS = (
					"$(inherited)",
					"@executable_path/Frameworks",
					"@loader_path/Frameworks",
				);
				PRODUCT_BUNDLE_IDENTIFIER = "SH-OH.Paint-SHOHUITests";
				PRODUCT_NAME = "$(TARGET_NAME)";
				SWIFT_VERSION = 5.0;
				TARGETED_DEVICE_FAMILY = "1,2";
				TEST_TARGET_NAME = "Paint-SHOH";
			};
			name = Debug;
		};
		CB3F0CDB262D2FE600D6CEA3 /* Release */ = {
			isa = XCBuildConfiguration;
			baseConfigurationReference = 233F2422010D5E6BB2C7C6FA /* Pods-Paint-SHOHUITests.release.xcconfig */;
			buildSettings = {
				ALWAYS_EMBED_SWIFT_STANDARD_LIBRARIES = "$(inherited)";
				CODE_SIGN_STYLE = Automatic;
				DEVELOPMENT_TEAM = 7Q8VF9RM3U;
				INFOPLIST_FILE = "Paint-SHOHUITests/Info.plist";
				LD_RUNPATH_SEARCH_PATHS = (
					"$(inherited)",
					"@executable_path/Frameworks",
					"@loader_path/Frameworks",
				);
				PRODUCT_BUNDLE_IDENTIFIER = "SH-OH.Paint-SHOHUITests";
				PRODUCT_NAME = "$(TARGET_NAME)";
				SWIFT_VERSION = 5.0;
				TARGETED_DEVICE_FAMILY = "1,2";
				TEST_TARGET_NAME = "Paint-SHOH";
			};
			name = Release;
		};
/* End XCBuildConfiguration section */

/* Begin XCConfigurationList section */
		CB3F0CA4262D2FE500D6CEA3 /* Build configuration list for PBXProject "Paint-SHOH" */ = {
			isa = XCConfigurationList;
			buildConfigurations = (
				CB3F0CD1262D2FE600D6CEA3 /* Debug */,
				CB3F0CD2262D2FE600D6CEA3 /* Release */,
			);
			defaultConfigurationIsVisible = 0;
			defaultConfigurationName = Release;
		};
		CB3F0CD3262D2FE600D6CEA3 /* Build configuration list for PBXNativeTarget "Paint-SHOH" */ = {
			isa = XCConfigurationList;
			buildConfigurations = (
				CB3F0CD4262D2FE600D6CEA3 /* Debug */,
				CB3F0CD5262D2FE600D6CEA3 /* Release */,
			);
			defaultConfigurationIsVisible = 0;
			defaultConfigurationName = Release;
		};
		CB3F0CD6262D2FE600D6CEA3 /* Build configuration list for PBXNativeTarget "Paint-SHOHTests" */ = {
			isa = XCConfigurationList;
			buildConfigurations = (
				CB3F0CD7262D2FE600D6CEA3 /* Debug */,
				CB3F0CD8262D2FE600D6CEA3 /* Release */,
			);
			defaultConfigurationIsVisible = 0;
			defaultConfigurationName = Release;
		};
		CB3F0CD9262D2FE600D6CEA3 /* Build configuration list for PBXNativeTarget "Paint-SHOHUITests" */ = {
			isa = XCConfigurationList;
			buildConfigurations = (
				CB3F0CDA262D2FE600D6CEA3 /* Debug */,
				CB3F0CDB262D2FE600D6CEA3 /* Release */,
			);
			defaultConfigurationIsVisible = 0;
			defaultConfigurationName = Release;
		};
/* End XCConfigurationList section */

/* Begin XCRemoteSwiftPackageReference section */
		CB3F0D1B262D34B100D6CEA3 /* XCRemoteSwiftPackageReference "SPMSHOHProxy" */ = {
			isa = XCRemoteSwiftPackageReference;
			repositoryURL = "https://github.com/SH-OH/SPMSHOHProxy.git";
			requirement = {
				kind = upToNextMajorVersion;
				minimumVersion = 1.0.2;
			};
		};
/* End XCRemoteSwiftPackageReference section */

/* Begin XCSwiftPackageProductDependency section */
		CB3F0D1C262D34B100D6CEA3 /* SPMSHOHProxy */ = {
			isa = XCSwiftPackageProductDependency;
			package = CB3F0D1B262D34B100D6CEA3 /* XCRemoteSwiftPackageReference "SPMSHOHProxy" */;
			productName = SPMSHOHProxy;
		};
/* End XCSwiftPackageProductDependency section */
	};
	rootObject = CB3F0CA1262D2FE500D6CEA3 /* Project object */;
}
